
Microsoft Visual Studio Solution File, Format Version 12.00
# Visual Studio Version 17
VisualStudioVersion = 17.8.34316.72
MinimumVisualStudioVersion = 10.0.40219.1
Project("{9A19103F-16F7-4668-BE54-9A1E7A4F7556}") = "CardApp", "CardApp\CardApp.csproj", "{C6480972-4E94-4198-B545-1A5F907D7FA8}"
EndProject
Project("{FAE04EC0-301F-11D3-BF4B-00C04F79EFBC}") = "ApiCreditCard", "ApiCreditCard\ApiCreditCard.csproj", "{10DD131C-64F0-4A33-ACCB-8698477CC858}"
EndProject
Global
	GlobalSection(SolutionConfigurationPlatforms) = preSolution
		Debug|Any CPU = Debug|Any CPU
		Release|Any CPU = Release|Any CPU
	EndGlobalSection
	GlobalSection(ProjectConfigurationPlatforms) = postSolution
		{C6480972-4E94-4198-B545-1A5F907D7FA8}.Debug|Any CPU.ActiveCfg = Debug|Any CPU
		{C6480972-4E94-4198-B545-1A5F907D7FA8}.Debug|Any CPU.Build.0 = Debug|Any CPU
		{C6480972-4E94-4198-B545-1A5F907D7FA8}.Release|Any CPU.ActiveCfg = Release|Any CPU
		{C6480972-4E94-4198-B545-1A5F907D7FA8}.Release|Any CPU.Build.0 = Release|Any CPU
		{10DD131C-64F0-4A33-ACCB-8698477CC858}.Debug|Any CPU.ActiveCfg = Debug|Any CPU
		{10DD131C-64F0-4A33-ACCB-8698477CC858}.Debug|Any CPU.Build.0 = Debug|Any CPU
		{10DD131C-64F0-4A33-ACCB-8698477CC858}.Release|Any CPU.ActiveCfg = Release|Any CPU
		{10DD131C-64F0-4A33-ACCB-8698477CC858}.Release|Any CPU.Build.0 = Release|Any CPU
	EndGlobalSection
	GlobalSection(SolutionProperties) = preSolution
		HideSolutionNode = FALSE
	EndGlobalSection
	GlobalSection(ExtensibilityGlobals) = postSolution
		SolutionGuid = {B8EC15DE-F9F6-4FD7-BFE9-51C44A615EF6}
	EndGlobalSection
EndGlobal
